
Microsoft Visual Studio Solution File, Format Version 12.00
# Visual Studio Version 16
VisualStudioVersion = 16.0.31702.278
MinimumVisualStudioVersion = 10.0.40219.1
Project("{FAE04EC0-301F-11D3-BF4B-00C04F79EFBC}") = "PM2E10037.Android", "PM2E10037\PM2E10037.Android\PM2E10037.Android.csproj", "{1ACC6F89-8A41-4198-AA04-EFD494BE380F}"
EndProject
Project("{FAE04EC0-301F-11D3-BF4B-00C04F79EFBC}") = "PM2E10037", "PM2E10037\PM2E10037\PM2E10037.csproj", "{76B99A67-C02A-4E38-BF73-DD6CAE2F2AE7}"
EndProject
Global
	GlobalSection(SolutionConfigurationPlatforms) = preSolution
		Debug|Any CPU = Debug|Any CPU
		Release|Any CPU = Release|Any CPU
	EndGlobalSection
	GlobalSection(ProjectConfigurationPlatforms) = postSolution
		{1ACC6F89-8A41-4198-AA04-EFD494BE380F}.Debug|Any CPU.ActiveCfg = Debug|Any CPU
		{1ACC6F89-8A41-4198-AA04-EFD494BE380F}.Debug|Any CPU.Build.0 = Debug|Any CPU
		{1ACC6F89-8A41-4198-AA04-EFD494BE380F}.Debug|Any CPU.Deploy.0 = Debug|Any CPU
		{1ACC6F89-8A41-4198-AA04-EFD494BE380F}.Release|Any CPU.ActiveCfg = Release|Any CPU
		{1ACC6F89-8A41-4198-AA04-EFD494BE380F}.Release|Any CPU.Build.0 = Release|Any CPU
		{1ACC6F89-8A41-4198-AA04-EFD494BE380F}.Release|Any CPU.Deploy.0 = Release|Any CPU
		{76B99A67-C02A-4E38-BF73-DD6CAE2F2AE7}.Debug|Any CPU.ActiveCfg = Debug|Any CPU
		{76B99A67-C02A-4E38-BF73-DD6CAE2F2AE7}.Debug|Any CPU.Build.0 = Debug|Any CPU
		{76B99A67-C02A-4E38-BF73-DD6CAE2F2AE7}.Debug|Any CPU.Deploy.0 = Debug|Any CPU
		{76B99A67-C02A-4E38-BF73-DD6CAE2F2AE7}.Release|Any CPU.ActiveCfg = Release|Any CPU
		{76B99A67-C02A-4E38-BF73-DD6CAE2F2AE7}.Release|Any CPU.Build.0 = Release|Any CPU
		{76B99A67-C02A-4E38-BF73-DD6CAE2F2AE7}.Release|Any CPU.Deploy.0 = Release|Any CPU
	EndGlobalSection
	GlobalSection(SolutionProperties) = preSolution
		HideSolutionNode = FALSE
	EndGlobalSection
	GlobalSection(ExtensibilityGlobals) = postSolution
		SolutionGuid = {4784D74F-3587-4498-8AD4-D348DD3CD257}
	EndGlobalSection
EndGlobal
